
Microsoft Visual Studio Solution File, Format Version 12.00
# Visual Studio 2013
Project("{FAE04EC0-301F-11D3-BF4B-00C04F79EFBC}") = "PhysLab.CSharp", "PhysLab.CSharp.csproj", "{667E5AFF-F835-37FF-046C-F24EA150C2C2}"
EndProject
Global
	GlobalSection(SolutionConfigurationPlatforms) = preSolution
		Debug|Any CPU = Debug|Any CPU
		Release|Any CPU = Release|Any CPU
	EndGlobalSection
	GlobalSection(ProjectConfigurationPlatforms) = postSolution
		{667E5AFF-F835-37FF-046C-F24EA150C2C2}.Debug|Any CPU.ActiveCfg = Debug|Any CPU
		{667E5AFF-F835-37FF-046C-F24EA150C2C2}.Debug|Any CPU.Build.0 = Debug|Any CPU
		{667E5AFF-F835-37FF-046C-F24EA150C2C2}.Release|Any CPU.ActiveCfg = Release|Any CPU
		{667E5AFF-F835-37FF-046C-F24EA150C2C2}.Release|Any CPU.Build.0 = Release|Any CPU
	EndGlobalSection
	GlobalSection(SolutionProperties) = preSolution
		HideSolutionNode = FALSE
	EndGlobalSection
EndGlobal
